
Microsoft Visual Studio Solution File, Format Version 12.00
# Visual Studio Version 16
VisualStudioVersion = 16.0.31702.278
MinimumVisualStudioVersion = 10.0.40219.1
Project("{FAE04EC0-301F-11D3-BF4B-00C04F79EFBC}") = "GroupChat", "GroupChat\GroupChat.csproj", "{AF329EDB-11DB-488B-B194-45D845D49472}"
EndProject
Global
	GlobalSection(SolutionConfigurationPlatforms) = preSolution
		Debug|Any CPU = Debug|Any CPU
		Release|Any CPU = Release|Any CPU
	EndGlobalSection
	GlobalSection(ProjectConfigurationPlatforms) = postSolution
		{AF329EDB-11DB-488B-B194-45D845D49472}.Debug|Any CPU.ActiveCfg = Debug|Any CPU
		{AF329EDB-11DB-488B-B194-45D845D49472}.Debug|Any CPU.Build.0 = Debug|Any CPU
		{AF329EDB-11DB-488B-B194-45D845D49472}.Release|Any CPU.ActiveCfg = Release|Any CPU
		{AF329EDB-11DB-488B-B194-45D845D49472}.Release|Any CPU.Build.0 = Release|Any CPU
	EndGlobalSection
	GlobalSection(SolutionProperties) = preSolution
		HideSolutionNode = FALSE
	EndGlobalSection
	GlobalSection(ExtensibilityGlobals) = postSolution
		SolutionGuid = {14ED059D-4C4D-47D6-A1E5-3A0F157CAD16}
	EndGlobalSection
EndGlobal
